
Microsoft Visual Studio Solution File, Format Version 12.00
# Visual Studio Version 17
VisualStudioVersion = 17.7.34024.191
MinimumVisualStudioVersion = 10.0.40219.1
Project("{FAE04EC0-301F-11D3-BF4B-00C04F79EFBC}") = "Baitap02", "Baitap02.csproj", "{5A04EEF0-D056-48AC-960B-893862BD7ADB}"
EndProject
Global
	GlobalSection(SolutionConfigurationPlatforms) = preSolution
		Debug|Any CPU = Debug|Any CPU
		Release|Any CPU = Release|Any CPU
	EndGlobalSection
	GlobalSection(ProjectConfigurationPlatforms) = postSolution
		{5A04EEF0-D056-48AC-960B-893862BD7ADB}.Debug|Any CPU.ActiveCfg = Debug|Any CPU
		{5A04EEF0-D056-48AC-960B-893862BD7ADB}.Debug|Any CPU.Build.0 = Debug|Any CPU
		{5A04EEF0-D056-48AC-960B-893862BD7ADB}.Release|Any CPU.ActiveCfg = Release|Any CPU
		{5A04EEF0-D056-48AC-960B-893862BD7ADB}.Release|Any CPU.Build.0 = Release|Any CPU
	EndGlobalSection
	GlobalSection(SolutionProperties) = preSolution
		HideSolutionNode = FALSE
	EndGlobalSection
	GlobalSection(ExtensibilityGlobals) = postSolution
		SolutionGuid = {A74524EE-8FC8-48FB-89EC-87FC1199E1BE}
	EndGlobalSection
EndGlobal
