
Microsoft Visual Studio Solution File, Format Version 12.00
# Visual Studio Version 17
VisualStudioVersion = 17.7.34024.191
MinimumVisualStudioVersion = 10.0.40219.1
Project("{FAE04EC0-301F-11D3-BF4B-00C04F79EFBC}") = "BaiTap05", "BaiTap05.csproj", "{FC5DF6B5-1BE9-43D9-8B72-40E1D2D5E60E}"
EndProject
Global
	GlobalSection(SolutionConfigurationPlatforms) = preSolution
		Debug|Any CPU = Debug|Any CPU
		Release|Any CPU = Release|Any CPU
	EndGlobalSection
	GlobalSection(ProjectConfigurationPlatforms) = postSolution
		{FC5DF6B5-1BE9-43D9-8B72-40E1D2D5E60E}.Debug|Any CPU.ActiveCfg = Debug|Any CPU
		{FC5DF6B5-1BE9-43D9-8B72-40E1D2D5E60E}.Debug|Any CPU.Build.0 = Debug|Any CPU
		{FC5DF6B5-1BE9-43D9-8B72-40E1D2D5E60E}.Release|Any CPU.ActiveCfg = Release|Any CPU
		{FC5DF6B5-1BE9-43D9-8B72-40E1D2D5E60E}.Release|Any CPU.Build.0 = Release|Any CPU
	EndGlobalSection
	GlobalSection(SolutionProperties) = preSolution
		HideSolutionNode = FALSE
	EndGlobalSection
	GlobalSection(ExtensibilityGlobals) = postSolution
		SolutionGuid = {7E9DE9BF-0BD6-4E6D-983C-9679D7A071A4}
	EndGlobalSection
EndGlobal
